
Microsoft Visual Studio Solution File, Format Version 12.00
# Visual Studio Version 17
VisualStudioVersion = 17.3.32819.101
MinimumVisualStudioVersion = 10.0.40219.1
Project("{FAE04EC0-301F-11D3-BF4B-00C04F79EFBC}") = "Business", "Business\Business.csproj", "{AF2E02E8-6741-4048-B5A0-9B2DF1E5425B}"
EndProject
Project("{FAE04EC0-301F-11D3-BF4B-00C04F79EFBC}") = "DataAccess", "DataAccess\DataAccess.csproj", "{826EE2F9-EBE8-476B-AD9F-30B863F1E5A2}"
EndProject
Project("{FAE04EC0-301F-11D3-BF4B-00C04F79EFBC}") = "Entities", "Entities\Entities.csproj", "{6093C24B-C073-46DD-A2E4-9ACFD818470A}"
EndProject
Project("{FAE04EC0-301F-11D3-BF4B-00C04F79EFBC}") = "Core", "Core\Core.csproj", "{68ED2474-547D-49C7-83C0-01DA029380A7}"
EndProject
Project("{FAE04EC0-301F-11D3-BF4B-00C04F79EFBC}") = "WebAPI", "WebAPI\WebAPI.csproj", "{6343887E-EFC0-4B54-9D8C-9A6376FBFB7F}"
EndProject
Global
	GlobalSection(SolutionConfigurationPlatforms) = preSolution
		Debug|Any CPU = Debug|Any CPU
		Release|Any CPU = Release|Any CPU
	EndGlobalSection
	GlobalSection(ProjectConfigurationPlatforms) = postSolution
		{AF2E02E8-6741-4048-B5A0-9B2DF1E5425B}.Debug|Any CPU.ActiveCfg = Debug|Any CPU
		{AF2E02E8-6741-4048-B5A0-9B2DF1E5425B}.Debug|Any CPU.Build.0 = Debug|Any CPU
		{AF2E02E8-6741-4048-B5A0-9B2DF1E5425B}.Release|Any CPU.ActiveCfg = Release|Any CPU
		{AF2E02E8-6741-4048-B5A0-9B2DF1E5425B}.Release|Any CPU.Build.0 = Release|Any CPU
		{826EE2F9-EBE8-476B-AD9F-30B863F1E5A2}.Debug|Any CPU.ActiveCfg = Debug|Any CPU
		{826EE2F9-EBE8-476B-AD9F-30B863F1E5A2}.Debug|Any CPU.Build.0 = Debug|Any CPU
		{826EE2F9-EBE8-476B-AD9F-30B863F1E5A2}.Release|Any CPU.ActiveCfg = Release|Any CPU
		{826EE2F9-EBE8-476B-AD9F-30B863F1E5A2}.Release|Any CPU.Build.0 = Release|Any CPU
		{6093C24B-C073-46DD-A2E4-9ACFD818470A}.Debug|Any CPU.ActiveCfg = Debug|Any CPU
		{6093C24B-C073-46DD-A2E4-9ACFD818470A}.Debug|Any CPU.Build.0 = Debug|Any CPU
		{6093C24B-C073-46DD-A2E4-9ACFD818470A}.Release|Any CPU.ActiveCfg = Release|Any CPU
		{6093C24B-C073-46DD-A2E4-9ACFD818470A}.Release|Any CPU.Build.0 = Release|Any CPU
		{68ED2474-547D-49C7-83C0-01DA029380A7}.Debug|Any CPU.ActiveCfg = Debug|Any CPU
		{68ED2474-547D-49C7-83C0-01DA029380A7}.Debug|Any CPU.Build.0 = Debug|Any CPU
		{68ED2474-547D-49C7-83C0-01DA029380A7}.Release|Any CPU.ActiveCfg = Release|Any CPU
		{68ED2474-547D-49C7-83C0-01DA029380A7}.Release|Any CPU.Build.0 = Release|Any CPU
		{6343887E-EFC0-4B54-9D8C-9A6376FBFB7F}.Debug|Any CPU.ActiveCfg = Debug|Any CPU
		{6343887E-EFC0-4B54-9D8C-9A6376FBFB7F}.Debug|Any CPU.Build.0 = Debug|Any CPU
		{6343887E-EFC0-4B54-9D8C-9A6376FBFB7F}.Release|Any CPU.ActiveCfg = Release|Any CPU
		{6343887E-EFC0-4B54-9D8C-9A6376FBFB7F}.Release|Any CPU.Build.0 = Release|Any CPU
	EndGlobalSection
	GlobalSection(SolutionProperties) = preSolution
		HideSolutionNode = FALSE
	EndGlobalSection
	GlobalSection(ExtensibilityGlobals) = postSolution
		SolutionGuid = {96CE8DFE-46C7-4DBB-9278-68CACAE3D5A3}
	EndGlobalSection
EndGlobal
